# @generated - this file is auto-generated by `mise lock` https://mise.jdx.dev/dev-tools/mise-lock.html

[[tools.go]]
version = "1.23.12"
backend = "core:go"

[tools.go."platforms.linux-arm64"]
checksum = "sha256:52ce172f96e21da53b1ae9079808560d49b02ac86cecfa457217597f9bc28ab3"
url = "https://dl.google.com/go/go1.23.12.linux-arm64.tar.gz"

[tools.go."platforms.linux-arm64-musl"]
checksum = "sha256:52ce172f96e21da53b1ae9079808560d49b02ac86cecfa457217597f9bc28ab3"
url = "https://dl.google.com/go/go1.23.12.linux-arm64.tar.gz"

[tools.go."platforms.linux-x64"]
checksum = "sha256:d3847fef834e9db11bf64e3fb34db9c04db14e068eeb064f49af747010454f90"
url = "https://dl.google.com/go/go1.23.12.linux-amd64.tar.gz"

[tools.go."platforms.linux-x64-musl"]
checksum = "sha256:d3847fef834e9db11bf64e3fb34db9c04db14e068eeb064f49af747010454f90"
url = "https://dl.google.com/go/go1.23.12.linux-amd64.tar.gz"

[tools.go."platforms.macos-arm64"]
checksum = "sha256:5bfa117e401ae64e7ffb960243c448b535fe007e682a13ff6c7371f4a6f0ccaa"
url = "https://dl.google.com/go/go1.23.12.darwin-arm64.tar.gz"

[tools.go."platforms.macos-x64"]
checksum = "sha256:0f6efdc3ffc6f03b230016acca0aef43c229de022d0ff401e7aa4ad4862eca8e"
url = "https://dl.google.com/go/go1.23.12.darwin-amd64.tar.gz"

[tools.go."platforms.windows-x64"]
checksum = "sha256:07c35866cdd864b81bb6f1cfbf25ac7f87ddc3a976ede1bf5112acbb12dfe6dc"
url = "https://dl.google.com/go/go1.23.12.windows-amd64.zip"

[[tools.hugo]]
version = "0.160.1"
backend = "aqua:gohugoio/hugo"

[tools.hugo."platforms.linux-arm64"]
checksum = "sha256:2fa48cf16869c6de4e8e83eb21dbf1af4e10be8e220aa327c6e9db8906a1283a"
url = "https://github.com/gohugoio/hugo/releases/download/v0.160.1/hugo_0.160.1_linux-arm64.tar.gz"

[tools.hugo."platforms.linux-arm64-musl"]
checksum = "sha256:2fa48cf16869c6de4e8e83eb21dbf1af4e10be8e220aa327c6e9db8906a1283a"
url = "https://github.com/gohugoio/hugo/releases/download/v0.160.1/hugo_0.160.1_linux-arm64.tar.gz"

[tools.hugo."platforms.linux-x64"]
checksum = "sha256:2f72fefa6ce944907f74c36c35abcaa306cdd22e64647a9ee5b328fc0bfb67be"
url = "https://github.com/gohugoio/hugo/releases/download/v0.160.1/hugo_0.160.1_linux-amd64.tar.gz"

[tools.hugo."platforms.linux-x64-musl"]
checksum = "sha256:2f72fefa6ce944907f74c36c35abcaa306cdd22e64647a9ee5b328fc0bfb67be"
url = "https://github.com/gohugoio/hugo/releases/download/v0.160.1/hugo_0.160.1_linux-amd64.tar.gz"

[tools.hugo."platforms.macos-arm64"]
checksum = "sha256:e2a1cc1859e7ca72c59af1ed1ab42f8e4fc153a3076ad36e76ffa726682c8fe8"
url = "https://github.com/gohugoio/hugo/releases/download/v0.160.1/hugo_0.160.1_darwin-universal.pkg"

[tools.hugo."platforms.macos-x64"]
checksum = "sha256:e2a1cc1859e7ca72c59af1ed1ab42f8e4fc153a3076ad36e76ffa726682c8fe8"
url = "https://github.com/gohugoio/hugo/releases/download/v0.160.1/hugo_0.160.1_darwin-universal.pkg"

[tools.hugo."platforms.windows-x64"]
checksum = "sha256:e73d65ab5d6576a69d51bed4a0dcc90bc2ac5875014cc1263d97a57ed88b81ad"
url = "https://github.com/gohugoio/hugo/releases/download/v0.160.1/hugo_0.160.1_windows-amd64.zip"

[[tools.oxfmt]]
version = "0.44.0"
backend = "npm:oxfmt"

[[tools.prek]]
version = "0.3.8"
backend = "aqua:j178/prek"

[tools.prek."platforms.linux-arm64"]
checksum = "sha256:b88d96aef4ea84999d12958c390611d3a26194ee57225fe2ff15a9855e3a71bf"
url = "https://github.com/j178/prek/releases/download/v0.3.8/prek-aarch64-unknown-linux-musl.tar.gz"
provenance = "github-attestations"

[tools.prek."platforms.linux-arm64-musl"]
checksum = "sha256:b88d96aef4ea84999d12958c390611d3a26194ee57225fe2ff15a9855e3a71bf"
url = "https://github.com/j178/prek/releases/download/v0.3.8/prek-aarch64-unknown-linux-musl.tar.gz"
provenance = "github-attestations"

[tools.prek."platforms.linux-x64"]
checksum = "sha256:732cfb03960e6dfd5df2cb67906797aa8831750ef3a6f6340ec2b90ee8b7a59f"
url = "https://github.com/j178/prek/releases/download/v0.3.8/prek-x86_64-unknown-linux-musl.tar.gz"
provenance = "github-attestations"

[tools.prek."platforms.linux-x64-musl"]
checksum = "sha256:732cfb03960e6dfd5df2cb67906797aa8831750ef3a6f6340ec2b90ee8b7a59f"
url = "https://github.com/j178/prek/releases/download/v0.3.8/prek-x86_64-unknown-linux-musl.tar.gz"
provenance = "github-attestations"

[tools.prek."platforms.macos-arm64"]
checksum = "sha256:702fde4399fafb054ce85d0a64367689e3668b6475d732c4a46aae50cec0a4be"
url = "https://github.com/j178/prek/releases/download/v0.3.8/prek-aarch64-apple-darwin.tar.gz"
provenance = "github-attestations"

[tools.prek."platforms.macos-x64"]
checksum = "sha256:010198daf4e99a76d03a911973320542ffd7a04091cf7e86c60ac861187577f6"
url = "https://github.com/j178/prek/releases/download/v0.3.8/prek-x86_64-apple-darwin.tar.gz"
provenance = "github-attestations"

[tools.prek."platforms.windows-x64"]
checksum = "sha256:1da2735c31548dacd2751f90c15b5f643aa72f3053f366636f95153ee2c7186e"
url = "https://github.com/j178/prek/releases/download/v0.3.8/prek-x86_64-pc-windows-msvc.zip"
provenance = "github-attestations"

[[tools.tombi]]
version = "0.9.17"
backend = "aqua:tombi-toml/tombi"

[tools.tombi."platforms.linux-arm64"]
checksum = "sha256:d8e5e4655eab5d26932ed741b26cddf9ac017a3aef0da595f776259060fcd83f"
url = "https://github.com/tombi-toml/tombi/releases/download/v0.9.17/tombi-cli-0.9.17-aarch64-unknown-linux-musl.gz"

[tools.tombi."platforms.linux-arm64-musl"]
checksum = "sha256:d8e5e4655eab5d26932ed741b26cddf9ac017a3aef0da595f776259060fcd83f"
url = "https://github.com/tombi-toml/tombi/releases/download/v0.9.17/tombi-cli-0.9.17-aarch64-unknown-linux-musl.gz"

[tools.tombi."platforms.linux-x64"]
checksum = "sha256:e2924b9debcfb8f3ec91e149ded07126c507b04a7cc775253c859d2d1bd60f36"
url = "https://github.com/tombi-toml/tombi/releases/download/v0.9.17/tombi-cli-0.9.17-x86_64-unknown-linux-musl.gz"

[tools.tombi."platforms.linux-x64-musl"]
checksum = "sha256:e2924b9debcfb8f3ec91e149ded07126c507b04a7cc775253c859d2d1bd60f36"
url = "https://github.com/tombi-toml/tombi/releases/download/v0.9.17/tombi-cli-0.9.17-x86_64-unknown-linux-musl.gz"

[tools.tombi."platforms.macos-arm64"]
checksum = "sha256:11dc87c97bfa79da10922f377573509dcbeaf6794118d61baf45890a4c4a48df"
url = "https://github.com/tombi-toml/tombi/releases/download/v0.9.17/tombi-cli-0.9.17-aarch64-apple-darwin.gz"

[tools.tombi."platforms.macos-x64"]
checksum = "sha256:853a8d6da45b8af67fcdbaf56918895ec04b86733f44243eb8650b9fb258d594"
url = "https://github.com/tombi-toml/tombi/releases/download/v0.9.17/tombi-cli-0.9.17-x86_64-apple-darwin.gz"

[tools.tombi."platforms.windows-x64"]
checksum = "sha256:e84b23757c5d01dd175aaee4828497889a667a8344b289dce53bcfff7a1ab69c"
url = "https://github.com/tombi-toml/tombi/releases/download/v0.9.17/tombi-cli-0.9.17-x86_64-pc-windows-msvc.zip"
